
Microsoft Visual Studio Solution File, Format Version 12.00
# Visual Studio Version 16
VisualStudioVersion = 16.0.29509.3
MinimumVisualStudioVersion = 10.0.40219.1
Project("{FAE04EC0-301F-11D3-BF4B-00C04F79EFBC}") = "Calendario", "Calendario\Calendario.csproj", "{2948594E-66D1-4DB0-9852-306F12AC7678}"
EndProject
Global
	GlobalSection(SolutionConfigurationPlatforms) = preSolution
		Debug|Any CPU = Debug|Any CPU
		Release|Any CPU = Release|Any CPU
	EndGlobalSection
	GlobalSection(ProjectConfigurationPlatforms) = postSolution
		{2948594E-66D1-4DB0-9852-306F12AC7678}.Debug|Any CPU.ActiveCfg = Debug|Any CPU
		{2948594E-66D1-4DB0-9852-306F12AC7678}.Debug|Any CPU.Build.0 = Debug|Any CPU
		{2948594E-66D1-4DB0-9852-306F12AC7678}.Release|Any CPU.ActiveCfg = Release|Any CPU
		{2948594E-66D1-4DB0-9852-306F12AC7678}.Release|Any CPU.Build.0 = Release|Any CPU
	EndGlobalSection
	GlobalSection(SolutionProperties) = preSolution
		HideSolutionNode = FALSE
	EndGlobalSection
	GlobalSection(ExtensibilityGlobals) = postSolution
		SolutionGuid = {ADDF2A25-558A-4790-9C54-DD402BE3CAEB}
	EndGlobalSection
EndGlobal
